{
  "object": {
    "pins": [
      {
        "package": "KeychainSwift",
        "repositoryURL": "https://github.com/evgenyneu/keychain-swift",
        "state": {
          "branch": null,
          "revision": "55e0e5348c4b56877441ba9df9d68c6b732dc468",
          "version": "16.0.1"
        }
      },
      {
        "package": "Kingfisher",
        "repositoryURL": "https://github.com/onevcat/Kingfisher.git",
        "state": {
          "branch": null,
          "revision": "25437551dfccbc9ceeaf9297fd95b480ff1cc5de",
          "version": null
        }
      },
      {
        "package": "QGrid",
        "repositoryURL": "https://github.com/Q-Mobile/QGrid",
        "state": {
          "branch": null,
          "revision": "ab5a0428d2b192df92af5eba4ecb48f574c3612d",
          "version": "0.1.2"
        }
      }
    ]
  },
  "version": 1
}
